
Microsoft Visual Studio Solution File, Format Version 12.00
# Visual Studio Version 16
VisualStudioVersion = 16.0.31321.278
MinimumVisualStudioVersion = 10.0.40219.1
Project("{9A19103F-16F7-4668-BE54-9A1E7A4F7556}") = "TDD_examples", "TDD_examples\TDD_examples.csproj", "{CEB2E147-CE41-4B2C-8A67-00A49B27BBB4}"
EndProject
Project("{9A19103F-16F7-4668-BE54-9A1E7A4F7556}") = "UnitTests", "UnitTests\UnitTests.csproj", "{06D1C096-6EB1-490F-B851-91E21ED95818}"
EndProject
Project("{2150E333-8FDC-42A3-9474-1A3956D46DE8}") = "SingleResponsability", "SingleResponsability", "{4B49464C-6CB7-4536-9ECD-5327075FE099}"
EndProject
Project("{2150E333-8FDC-42A3-9474-1A3956D46DE8}") = "before", "before", "{2168991F-5C9B-4E4D-B469-36AE40814B75}"
	ProjectSection(SolutionItems) = preProject
		TDD_examples\SingleResponsability\Car.cs = TDD_examples\SingleResponsability\Car.cs
		UnitTests\SinlgeResponsability\CarUnitTests.cs = UnitTests\SinlgeResponsability\CarUnitTests.cs
	EndProjectSection
EndProject
Project("{2150E333-8FDC-42A3-9474-1A3956D46DE8}") = "after", "after", "{A85E8493-8AD8-4460-BC44-EDB85741AC25}"
	ProjectSection(SolutionItems) = preProject
		TDD_examples\SingleResponsability\BetterCar.cs = TDD_examples\SingleResponsability\BetterCar.cs
		UnitTests\SinlgeResponsability\BetterCarUnitTests.cs = UnitTests\SinlgeResponsability\BetterCarUnitTests.cs
		TDD_examples\Program.cs = TDD_examples\Program.cs
	EndProjectSection
EndProject
Project("{2150E333-8FDC-42A3-9474-1A3956D46DE8}") = "TheMockery", "TheMockery", "{91195472-C7C7-423B-94AC-2DEF9236ADDC}"
EndProject
Project("{2150E333-8FDC-42A3-9474-1A3956D46DE8}") = "before", "before", "{0E4CDDFF-5843-4159-B52B-7831F0C9BB8D}"
	ProjectSection(SolutionItems) = preProject
		UnitTests\TheMockery\UserCreationUnitTests.cs = UnitTests\TheMockery\UserCreationUnitTests.cs
		TDD_examples\TheMockery\UserCreator.cs = TDD_examples\TheMockery\UserCreator.cs
	EndProjectSection
EndProject
Project("{2150E333-8FDC-42A3-9474-1A3956D46DE8}") = "TheGiant", "TheGiant", "{BAAE230E-00AC-4E5C-BFD1-CB1113D55E50}"
	ProjectSection(SolutionItems) = preProject
		UnitTests\TheGiant\BetterSyncerUnitTests.cs = UnitTests\TheGiant\BetterSyncerUnitTests.cs
		UnitTests\TheGiant\SyncerUnitTests.cs = UnitTests\TheGiant\SyncerUnitTests.cs
	EndProjectSection
EndProject
Global
	GlobalSection(SolutionConfigurationPlatforms) = preSolution
		Debug|Any CPU = Debug|Any CPU
		Release|Any CPU = Release|Any CPU
	EndGlobalSection
	GlobalSection(ProjectConfigurationPlatforms) = postSolution
		{CEB2E147-CE41-4B2C-8A67-00A49B27BBB4}.Debug|Any CPU.ActiveCfg = Debug|Any CPU
		{CEB2E147-CE41-4B2C-8A67-00A49B27BBB4}.Debug|Any CPU.Build.0 = Debug|Any CPU
		{CEB2E147-CE41-4B2C-8A67-00A49B27BBB4}.Release|Any CPU.ActiveCfg = Release|Any CPU
		{CEB2E147-CE41-4B2C-8A67-00A49B27BBB4}.Release|Any CPU.Build.0 = Release|Any CPU
		{06D1C096-6EB1-490F-B851-91E21ED95818}.Debug|Any CPU.ActiveCfg = Debug|Any CPU
		{06D1C096-6EB1-490F-B851-91E21ED95818}.Debug|Any CPU.Build.0 = Debug|Any CPU
		{06D1C096-6EB1-490F-B851-91E21ED95818}.Release|Any CPU.ActiveCfg = Release|Any CPU
		{06D1C096-6EB1-490F-B851-91E21ED95818}.Release|Any CPU.Build.0 = Release|Any CPU
	EndGlobalSection
	GlobalSection(SolutionProperties) = preSolution
		HideSolutionNode = FALSE
	EndGlobalSection
	GlobalSection(NestedProjects) = preSolution
		{2168991F-5C9B-4E4D-B469-36AE40814B75} = {4B49464C-6CB7-4536-9ECD-5327075FE099}
		{A85E8493-8AD8-4460-BC44-EDB85741AC25} = {4B49464C-6CB7-4536-9ECD-5327075FE099}
		{0E4CDDFF-5843-4159-B52B-7831F0C9BB8D} = {91195472-C7C7-423B-94AC-2DEF9236ADDC}
	EndGlobalSection
	GlobalSection(ExtensibilityGlobals) = postSolution
		SolutionGuid = {CB6CBA47-41D8-44A0-9188-72D30E0A4E77}
	EndGlobalSection
EndGlobal
